<Solution>
  <Folder Name="/src/">
    <Project Path="src/TmuxWatch/TmuxWatch.csproj" />
  </Folder>
  <Folder Name="/tests/">
    <Project Path="tests/TmuxWatch.Tests/TmuxWatch.Tests.csproj" />
  </Folder>
  <Folder Name="/tools/">
    <Project Path="tools/TmuxWatch.Calibration/TmuxWatch.Calibration.csproj" />
  </Folder>
</Solution>
